{
  "name": "barely-a-dev-server",
  "version": "0.4.5",
  "lockfileVersion": 2,
  "requires": true,
  "packages": {
    "": {
      "name": "barely-a-dev-server",
      "version": "0.4.5",
      "license": "(MIT OR GPL-3.0-or-later)",
      "devDependencies": {
        "rome": "^10.0.1"
      },
      "peerDependencies": {
        "esbuild": "^0.15.1"
      }
    },
    "node_modules/@esbuild/android-arm": {
      "version": "0.15.12",
      "resolved": "https://registry.npmjs.org/@esbuild/android-arm/-/android-arm-0.15.12.tgz",
      "integrity": "sha512-IC7TqIqiyE0MmvAhWkl/8AEzpOtbhRNDo7aph47We1NbE5w2bt/Q+giAhe0YYeVpYnIhGMcuZY92qDK6dQauvA==",
      "cpu": [
        "arm"
      ],
      "optional": true,
      "os": [
        "android"
      ],
      "peer": true,
      "engines": {
        "node": ">=12"
      }
    },
    "node_modules/@esbuild/linux-loong64": {
      "version": "0.15.12",
      "resolved": "https://registry.npmjs.org/@esbuild/linux-loong64/-/linux-loong64-0.15.12.tgz",
      "integrity": "sha512-tZEowDjvU7O7I04GYvWQOS4yyP9E/7YlsB0jjw1Ycukgr2ycEzKyIk5tms5WnLBymaewc6VmRKnn5IJWgK4eFw==",
      "cpu": [
        "loong64"
      ],
      "optional": true,
      "os": [
        "linux"
      ],
      "peer": true,
      "engines": {
        "node": ">=12"
      }
    },
    "node_modules/@rometools/cli-darwin-arm64": {
      "version": "10.0.1",
      "resolved": "https://registry.npmjs.org/@rometools/cli-darwin-arm64/-/cli-darwin-arm64-10.0.1.tgz",
      "integrity": "sha512-MwQjk3uhZrCu6LgIwJHREAsVt/mUQTGv7p8iosfaF8lCIxMVjyS+akbF/QcBufyW5sFtHYNWUEe/uKPHK4E//A==",
      "cpu": [
        "arm64"
      ],
      "dev": true,
      "optional": true,
      "os": [
        "darwin"
      ]
    },
    "node_modules/@rometools/cli-darwin-x64": {
      "version": "10.0.1",
      "resolved": "https://registry.npmjs.org/@rometools/cli-darwin-x64/-/cli-darwin-x64-10.0.1.tgz",
      "integrity": "sha512-n010Wc/z9L8wRkRnR5boMhdWgDVGrTG/i7zL8u/3+F5aSUgLCywf9F/b3ex74tCJJfcwBLlhaAqAVQX6U1bIkA==",
      "cpu": [
        "x64"
      ],
      "dev": true,
      "optional": true,
      "os": [
        "darwin"
      ]
    },
    "node_modules/@rometools/cli-linux-arm64": {
      "version": "10.0.1",
      "resolved": "https://registry.npmjs.org/@rometools/cli-linux-arm64/-/cli-linux-arm64-10.0.1.tgz",
      "integrity": "sha512-JljZsnud1KCfe36VNsVh/LrYdAzgbKbcsCTzeCjW9ROkMyNj8pmQ/gIUFxZ+PyhMFgowHIDGihoNf4m+pgpxkA==",
      "cpu": [
        "arm64"
      ],
      "dev": true,
      "optional": true,
      "os": [
        "linux"
      ]
    },
    "node_modules/@rometools/cli-linux-x64": {
      "version": "10.0.1",
      "resolved": "https://registry.npmjs.org/@rometools/cli-linux-x64/-/cli-linux-x64-10.0.1.tgz",
      "integrity": "sha512-jXIqd9iDyZUexk63CRfAXDA4zNDUHpErUmCejjGab3dhDt1KA40fDqKb+kxZpAhY3tQoWNSNQyo750zX5NawLw==",
      "cpu": [
        "x64"
      ],
      "dev": true,
      "optional": true,
      "os": [
        "linux"
      ]
    },
    "node_modules/@rometools/cli-win32-arm64": {
      "version": "10.0.1",
      "resolved": "https://registry.npmjs.org/@rometools/cli-win32-arm64/-/cli-win32-arm64-10.0.1.tgz",
      "integrity": "sha512-G/toRrKPhhi7SMYMyROq/E2c8/4xRX/67vFhVihuMvDDzhanIb99hEt5MMbM4HbYK1nnZBPyLN6LxVsxm9M9hA==",
      "cpu": [
        "arm64"
      ],
      "dev": true,
      "optional": true,
      "os": [
        "win32"
      ]
    },
    "node_modules/@rometools/cli-win32-x64": {
      "version": "10.0.1",
      "resolved": "https://registry.npmjs.org/@rometools/cli-win32-x64/-/cli-win32-x64-10.0.1.tgz",
      "integrity": "sha512-y299+VGoBufZntZj0Xz7w9DODU+6E5giXStfBDoa0fspXGNkYyYfD+HC6j9gUv4zpMZJ607XVvVHjpfwM/3ftA==",
      "cpu": [
        "x64"
      ],
      "dev": true,
      "optional": true,
      "os": [
        "win32"
      ]
    },
    "node_modules/esbuild": {
      "version": "0.15.12",
      "resolved": "https://registry.npmjs.org/esbuild/-/esbuild-0.15.12.tgz",
      "integrity": "sha512-PcT+/wyDqJQsRVhaE9uX/Oq4XLrFh0ce/bs2TJh4CSaw9xuvI+xFrH2nAYOADbhQjUgAhNWC5LKoUsakm4dxng==",
      "hasInstallScript": true,
      "peer": true,
      "bin": {
        "esbuild": "bin/esbuild"
      },
      "engines": {
        "node": ">=12"
      },
      "optionalDependencies": {
        "@esbuild/android-arm": "0.15.12",
        "@esbuild/linux-loong64": "0.15.12",
        "esbuild-android-64": "0.15.12",
        "esbuild-android-arm64": "0.15.12",
        "esbuild-darwin-64": "0.15.12",
        "esbuild-darwin-arm64": "0.15.12",
        "esbuild-freebsd-64": "0.15.12",
        "esbuild-freebsd-arm64": "0.15.12",
        "esbuild-linux-32": "0.15.12",
        "esbuild-linux-64": "0.15.12",
        "esbuild-linux-arm": "0.15.12",
        "esbuild-linux-arm64": "0.15.12",
        "esbuild-linux-mips64le": "0.15.12",
        "esbuild-linux-ppc64le": "0.15.12",
        "esbuild-linux-riscv64": "0.15.12",
        "esbuild-linux-s390x": "0.15.12",
        "esbuild-netbsd-64": "0.15.12",
        "esbuild-openbsd-64": "0.15.12",
        "esbuild-sunos-64": "0.15.12",
        "esbuild-windows-32": "0.15.12",
        "esbuild-windows-64": "0.15.12",
        "esbuild-windows-arm64": "0.15.12"
      }
    },
    "node_modules/esbuild-android-64": {
      "version": "0.15.12",
      "resolved": "https://registry.npmjs.org/esbuild-android-64/-/esbuild-android-64-0.15.12.tgz",
      "integrity": "sha512-MJKXwvPY9g0rGps0+U65HlTsM1wUs9lbjt5CU19RESqycGFDRijMDQsh68MtbzkqWSRdEtiKS1mtPzKneaAI0Q==",
      "cpu": [
        "x64"
      ],
      "optional": true,
      "os": [
        "android"
      ],
      "peer": true,
      "engines": {
        "node": ">=12"
      }
    },
    "node_modules/esbuild-android-arm64": {
      "version": "0.15.12",
      "resolved": "https://registry.npmjs.org/esbuild-android-arm64/-/esbuild-android-arm64-0.15.12.tgz",
      "integrity": "sha512-Hc9SEcZbIMhhLcvhr1DH+lrrec9SFTiRzfJ7EGSBZiiw994gfkVV6vG0sLWqQQ6DD7V4+OggB+Hn0IRUdDUqvA==",
      "cpu": [
        "arm64"
      ],
      "optional": true,
      "os": [
        "android"
      ],
      "peer": true,
      "engines": {
        "node": ">=12"
      }
    },
    "node_modules/esbuild-darwin-64": {
      "version": "0.15.12",
      "resolved": "https://registry.npmjs.org/esbuild-darwin-64/-/esbuild-darwin-64-0.15.12.tgz",
      "integrity": "sha512-qkmqrTVYPFiePt5qFjP8w/S+GIUMbt6k8qmiPraECUWfPptaPJUGkCKrWEfYFRWB7bY23FV95rhvPyh/KARP8Q==",
      "cpu": [
        "x64"
      ],
      "optional": true,
      "os": [
        "darwin"
      ],
      "peer": true,
      "engines": {
        "node": ">=12"
      }
    },
    "node_modules/esbuild-darwin-arm64": {
      "version": "0.15.12",
      "resolved": "https://registry.npmjs.org/esbuild-darwin-arm64/-/esbuild-darwin-arm64-0.15.12.tgz",
      "integrity": "sha512-z4zPX02tQ41kcXMyN3c/GfZpIjKoI/BzHrdKUwhC/Ki5BAhWv59A9M8H+iqaRbwpzYrYidTybBwiZAIWCLJAkw==",
      "cpu": [
        "arm64"
      ],
      "optional": true,
      "os": [
        "darwin"
      ],
      "peer": true,
      "engines": {
        "node": ">=12"
      }
    },
    "node_modules/esbuild-freebsd-64": {
      "version": "0.15.12",
      "resolved": "https://registry.npmjs.org/esbuild-freebsd-64/-/esbuild-freebsd-64-0.15.12.tgz",
      "integrity": "sha512-XFL7gKMCKXLDiAiBjhLG0XECliXaRLTZh6hsyzqUqPUf/PY4C6EJDTKIeqqPKXaVJ8+fzNek88285krSz1QECw==",
      "cpu": [
        "x64"
      ],
      "optional": true,
      "os": [
        "freebsd"
      ],
      "peer": true,
      "engines": {
        "node": ">=12"
      }
    },
    "node_modules/esbuild-freebsd-arm64": {
      "version": "0.15.12",
      "resolved": "https://registry.npmjs.org/esbuild-freebsd-arm64/-/esbuild-freebsd-arm64-0.15.12.tgz",
      "integrity": "sha512-jwEIu5UCUk6TjiG1X+KQnCGISI+ILnXzIzt9yDVrhjug2fkYzlLbl0K43q96Q3KB66v6N1UFF0r5Ks4Xo7i72g==",
      "cpu": [
        "arm64"
      ],
      "optional": true,
      "os": [
        "freebsd"
      ],
      "peer": true,
      "engines": {
        "node": ">=12"
      }
    },
    "node_modules/esbuild-linux-32": {
      "version": "0.15.12",
      "resolved": "https://registry.npmjs.org/esbuild-linux-32/-/esbuild-linux-32-0.15.12.tgz",
      "integrity": "sha512-uSQuSEyF1kVzGzuIr4XM+v7TPKxHjBnLcwv2yPyCz8riV8VUCnO/C4BF3w5dHiVpCd5Z1cebBtZJNlC4anWpwA==",
      "cpu": [
        "ia32"
      ],
      "optional": true,
      "os": [
        "linux"
      ],
      "peer": true,
      "engines": {
        "node": ">=12"
      }
    },
    "node_modules/esbuild-linux-64": {
      "version": "0.15.12",
      "resolved": "https://registry.npmjs.org/esbuild-linux-64/-/esbuild-linux-64-0.15.12.tgz",
      "integrity": "sha512-QcgCKb7zfJxqT9o5z9ZUeGH1k8N6iX1Y7VNsEi5F9+HzN1OIx7ESxtQXDN9jbeUSPiRH1n9cw6gFT3H4qbdvcA==",
      "cpu": [
        "x64"
      ],
      "optional": true,
      "os": [
        "linux"
      ],
      "peer": true,
      "engines": {
        "node": ">=12"
      }
    },
    "node_modules/esbuild-linux-arm": {
      "version": "0.15.12",
      "resolved": "https://registry.npmjs.org/esbuild-linux-arm/-/esbuild-linux-arm-0.15.12.tgz",
      "integrity": "sha512-Wf7T0aNylGcLu7hBnzMvsTfEXdEdJY/hY3u36Vla21aY66xR0MS5I1Hw8nVquXjTN0A6fk/vnr32tkC/C2lb0A==",
      "cpu": [
        "arm"
      ],
      "optional": true,
      "os": [
        "linux"
      ],
      "peer": true,
      "engines": {
        "node": ">=12"
      }
    },
    "node_modules/esbuild-linux-arm64": {
      "version": "0.15.12",
      "resolved": "https://registry.npmjs.org/esbuild-linux-arm64/-/esbuild-linux-arm64-0.15.12.tgz",
      "integrity": "sha512-HtNq5xm8fUpZKwWKS2/YGwSfTF+339L4aIA8yphNKYJckd5hVdhfdl6GM2P3HwLSCORS++++7++//ApEwXEuAQ==",
      "cpu": [
        "arm64"
      ],
      "optional": true,
      "os": [
        "linux"
      ],
      "peer": true,
      "engines": {
        "node": ">=12"
      }
    },
    "node_modules/esbuild-linux-mips64le": {
      "version": "0.15.12",
      "resolved": "https://registry.npmjs.org/esbuild-linux-mips64le/-/esbuild-linux-mips64le-0.15.12.tgz",
      "integrity": "sha512-Qol3+AvivngUZkTVFgLpb0H6DT+N5/zM3V1YgTkryPYFeUvuT5JFNDR3ZiS6LxhyF8EE+fiNtzwlPqMDqVcc6A==",
      "cpu": [
        "mips64el"
      ],
      "optional": true,
      "os": [
        "linux"
      ],
      "peer": true,
      "engines": {
        "node": ">=12"
      }
    },
    "node_modules/esbuild-linux-ppc64le": {
      "version": "0.15.12",
      "resolved": "https://registry.npmjs.org/esbuild-linux-ppc64le/-/esbuild-linux-ppc64le-0.15.12.tgz",
      "integrity": "sha512-4D8qUCo+CFKaR0cGXtGyVsOI7w7k93Qxb3KFXWr75An0DHamYzq8lt7TNZKoOq/Gh8c40/aKaxvcZnTgQ0TJNg==",
      "cpu": [
        "ppc64"
      ],
      "optional": true,
      "os": [
        "linux"
      ],
      "peer": true,
      "engines": {
        "node": ">=12"
      }
    },
    "node_modules/esbuild-linux-riscv64": {
      "version": "0.15.12",
      "resolved": "https://registry.npmjs.org/esbuild-linux-riscv64/-/esbuild-linux-riscv64-0.15.12.tgz",
      "integrity": "sha512-G9w6NcuuCI6TUUxe6ka0enjZHDnSVK8bO+1qDhMOCtl7Tr78CcZilJj8SGLN00zO5iIlwNRZKHjdMpfFgNn1VA==",
      "cpu": [
        "riscv64"
      ],
      "optional": true,
      "os": [
        "linux"
      ],
      "peer": true,
      "engines": {
        "node": ">=12"
      }
    },
    "node_modules/esbuild-linux-s390x": {
      "version": "0.15.12",
      "resolved": "https://registry.npmjs.org/esbuild-linux-s390x/-/esbuild-linux-s390x-0.15.12.tgz",
      "integrity": "sha512-Lt6BDnuXbXeqSlVuuUM5z18GkJAZf3ERskGZbAWjrQoi9xbEIsj/hEzVnSAFLtkfLuy2DE4RwTcX02tZFunXww==",
      "cpu": [
        "s390x"
      ],
      "optional": true,
      "os": [
        "linux"
      ],
      "peer": true,
      "engines": {
        "node": ">=12"
      }
    },
    "node_modules/esbuild-netbsd-64": {
      "version": "0.15.12",
      "resolved": "https://registry.npmjs.org/esbuild-netbsd-64/-/esbuild-netbsd-64-0.15.12.tgz",
      "integrity": "sha512-jlUxCiHO1dsqoURZDQts+HK100o0hXfi4t54MNRMCAqKGAV33JCVvMplLAa2FwviSojT/5ZG5HUfG3gstwAG8w==",
      "cpu": [
        "x64"
      ],
      "optional": true,
      "os": [
        "netbsd"
      ],
      "peer": true,
      "engines": {
        "node": ">=12"
      }
    },
    "node_modules/esbuild-openbsd-64": {
      "version": "0.15.12",
      "resolved": "https://registry.npmjs.org/esbuild-openbsd-64/-/esbuild-openbsd-64-0.15.12.tgz",
      "integrity": "sha512-1o1uAfRTMIWNOmpf8v7iudND0L6zRBYSH45sofCZywrcf7NcZA+c7aFsS1YryU+yN7aRppTqdUK1PgbZVaB1Dw==",
      "cpu": [
        "x64"
      ],
      "optional": true,
      "os": [
        "openbsd"
      ],
      "peer": true,
      "engines": {
        "node": ">=12"
      }
    },
    "node_modules/esbuild-sunos-64": {
      "version": "0.15.12",
      "resolved": "https://registry.npmjs.org/esbuild-sunos-64/-/esbuild-sunos-64-0.15.12.tgz",
      "integrity": "sha512-nkl251DpoWoBO9Eq9aFdoIt2yYmp4I3kvQjba3jFKlMXuqQ9A4q+JaqdkCouG3DHgAGnzshzaGu6xofGcXyPXg==",
      "cpu": [
        "x64"
      ],
      "optional": true,
      "os": [
        "sunos"
      ],
      "peer": true,
      "engines": {
        "node": ">=12"
      }
    },
    "node_modules/esbuild-windows-32": {
      "version": "0.15.12",
      "resolved": "https://registry.npmjs.org/esbuild-windows-32/-/esbuild-windows-32-0.15.12.tgz",
      "integrity": "sha512-WlGeBZHgPC00O08luIp5B2SP4cNCp/PcS+3Pcg31kdcJPopHxLkdCXtadLU9J82LCfw4TVls21A6lilQ9mzHrw==",
      "cpu": [
        "ia32"
      ],
      "optional": true,
      "os": [
        "win32"
      ],
      "peer": true,
      "engines": {
        "node": ">=12"
      }
    },
    "node_modules/esbuild-windows-64": {
      "version": "0.15.12",
      "resolved": "https://registry.npmjs.org/esbuild-windows-64/-/esbuild-windows-64-0.15.12.tgz",
      "integrity": "sha512-VActO3WnWZSN//xjSfbiGOSyC+wkZtI8I4KlgrTo5oHJM6z3MZZBCuFaZHd8hzf/W9KPhF0lY8OqlmWC9HO5AA==",
      "cpu": [
        "x64"
      ],
      "optional": true,
      "os": [
        "win32"
      ],
      "peer": true,
      "engines": {
        "node": ">=12"
      }
    },
    "node_modules/esbuild-windows-arm64": {
      "version": "0.15.12",
      "resolved": "https://registry.npmjs.org/esbuild-windows-arm64/-/esbuild-windows-arm64-0.15.12.tgz",
      "integrity": "sha512-Of3MIacva1OK/m4zCNIvBfz8VVROBmQT+gRX6pFTLPngFYcj6TFH/12VveAqq1k9VB2l28EoVMNMUCcmsfwyuA==",
      "cpu": [
        "arm64"
      ],
      "optional": true,
      "os": [
        "win32"
      ],
      "peer": true,
      "engines": {
        "node": ">=12"
      }
    },
    "node_modules/rome": {
      "version": "10.0.1",
      "resolved": "https://registry.npmjs.org/rome/-/rome-10.0.1.tgz",
      "integrity": "sha512-RfaDa+cSustBsjX6bj3fWqEhoNxXrK1uNgKHpkCHAqp20QMJXnCRtbokhirNMe0utyGI9GTO/sDoK7hJP7O8Bw==",
      "dev": true,
      "hasInstallScript": true,
      "bin": {
        "rome": "bin/rome"
      },
      "engines": {
        "node": ">=14.*"
      },
      "optionalDependencies": {
        "@rometools/cli-darwin-arm64": "10.0.1",
        "@rometools/cli-darwin-x64": "10.0.1",
        "@rometools/cli-linux-arm64": "10.0.1",
        "@rometools/cli-linux-x64": "10.0.1",
        "@rometools/cli-win32-arm64": "10.0.1",
        "@rometools/cli-win32-x64": "10.0.1"
      }
    }
  },
  "dependencies": {
    "@esbuild/android-arm": {
      "version": "0.15.12",
      "resolved": "https://registry.npmjs.org/@esbuild/android-arm/-/android-arm-0.15.12.tgz",
      "integrity": "sha512-IC7TqIqiyE0MmvAhWkl/8AEzpOtbhRNDo7aph47We1NbE5w2bt/Q+giAhe0YYeVpYnIhGMcuZY92qDK6dQauvA==",
      "optional": true,
      "peer": true
    },
    "@esbuild/linux-loong64": {
      "version": "0.15.12",
      "resolved": "https://registry.npmjs.org/@esbuild/linux-loong64/-/linux-loong64-0.15.12.tgz",
      "integrity": "sha512-tZEowDjvU7O7I04GYvWQOS4yyP9E/7YlsB0jjw1Ycukgr2ycEzKyIk5tms5WnLBymaewc6VmRKnn5IJWgK4eFw==",
      "optional": true,
      "peer": true
    },
    "@rometools/cli-darwin-arm64": {
      "version": "10.0.1",
      "resolved": "https://registry.npmjs.org/@rometools/cli-darwin-arm64/-/cli-darwin-arm64-10.0.1.tgz",
      "integrity": "sha512-MwQjk3uhZrCu6LgIwJHREAsVt/mUQTGv7p8iosfaF8lCIxMVjyS+akbF/QcBufyW5sFtHYNWUEe/uKPHK4E//A==",
      "dev": true,
      "optional": true
    },
    "@rometools/cli-darwin-x64": {
      "version": "10.0.1",
      "resolved": "https://registry.npmjs.org/@rometools/cli-darwin-x64/-/cli-darwin-x64-10.0.1.tgz",
      "integrity": "sha512-n010Wc/z9L8wRkRnR5boMhdWgDVGrTG/i7zL8u/3+F5aSUgLCywf9F/b3ex74tCJJfcwBLlhaAqAVQX6U1bIkA==",
      "dev": true,
      "optional": true
    },
    "@rometools/cli-linux-arm64": {
      "version": "10.0.1",
      "resolved": "https://registry.npmjs.org/@rometools/cli-linux-arm64/-/cli-linux-arm64-10.0.1.tgz",
      "integrity": "sha512-JljZsnud1KCfe36VNsVh/LrYdAzgbKbcsCTzeCjW9ROkMyNj8pmQ/gIUFxZ+PyhMFgowHIDGihoNf4m+pgpxkA==",
      "dev": true,
      "optional": true
    },
    "@rometools/cli-linux-x64": {
      "version": "10.0.1",
      "resolved": "https://registry.npmjs.org/@rometools/cli-linux-x64/-/cli-linux-x64-10.0.1.tgz",
      "integrity": "sha512-jXIqd9iDyZUexk63CRfAXDA4zNDUHpErUmCejjGab3dhDt1KA40fDqKb+kxZpAhY3tQoWNSNQyo750zX5NawLw==",
      "dev": true,
      "optional": true
    },
    "@rometools/cli-win32-arm64": {
      "version": "10.0.1",
      "resolved": "https://registry.npmjs.org/@rometools/cli-win32-arm64/-/cli-win32-arm64-10.0.1.tgz",
      "integrity": "sha512-G/toRrKPhhi7SMYMyROq/E2c8/4xRX/67vFhVihuMvDDzhanIb99hEt5MMbM4HbYK1nnZBPyLN6LxVsxm9M9hA==",
      "dev": true,
      "optional": true
    },
    "@rometools/cli-win32-x64": {
      "version": "10.0.1",
      "resolved": "https://registry.npmjs.org/@rometools/cli-win32-x64/-/cli-win32-x64-10.0.1.tgz",
      "integrity": "sha512-y299+VGoBufZntZj0Xz7w9DODU+6E5giXStfBDoa0fspXGNkYyYfD+HC6j9gUv4zpMZJ607XVvVHjpfwM/3ftA==",
      "dev": true,
      "optional": true
    },
    "esbuild": {
      "version": "0.15.12",
      "resolved": "https://registry.npmjs.org/esbuild/-/esbuild-0.15.12.tgz",
      "integrity": "sha512-PcT+/wyDqJQsRVhaE9uX/Oq4XLrFh0ce/bs2TJh4CSaw9xuvI+xFrH2nAYOADbhQjUgAhNWC5LKoUsakm4dxng==",
      "peer": true,
      "requires": {
        "@esbuild/android-arm": "0.15.12",
        "@esbuild/linux-loong64": "0.15.12",
        "esbuild-android-64": "0.15.12",
        "esbuild-android-arm64": "0.15.12",
        "esbuild-darwin-64": "0.15.12",
        "esbuild-darwin-arm64": "0.15.12",
        "esbuild-freebsd-64": "0.15.12",
        "esbuild-freebsd-arm64": "0.15.12",
        "esbuild-linux-32": "0.15.12",
        "esbuild-linux-64": "0.15.12",
        "esbuild-linux-arm": "0.15.12",
        "esbuild-linux-arm64": "0.15.12",
        "esbuild-linux-mips64le": "0.15.12",
        "esbuild-linux-ppc64le": "0.15.12",
        "esbuild-linux-riscv64": "0.15.12",
        "esbuild-linux-s390x": "0.15.12",
        "esbuild-netbsd-64": "0.15.12",
        "esbuild-openbsd-64": "0.15.12",
        "esbuild-sunos-64": "0.15.12",
        "esbuild-windows-32": "0.15.12",
        "esbuild-windows-64": "0.15.12",
        "esbuild-windows-arm64": "0.15.12"
      }
    },
    "esbuild-android-64": {
      "version": "0.15.12",
      "resolved": "https://registry.npmjs.org/esbuild-android-64/-/esbuild-android-64-0.15.12.tgz",
      "integrity": "sha512-MJKXwvPY9g0rGps0+U65HlTsM1wUs9lbjt5CU19RESqycGFDRijMDQsh68MtbzkqWSRdEtiKS1mtPzKneaAI0Q==",
      "optional": true,
      "peer": true
    },
    "esbuild-android-arm64": {
      "version": "0.15.12",
      "resolved": "https://registry.npmjs.org/esbuild-android-arm64/-/esbuild-android-arm64-0.15.12.tgz",
      "integrity": "sha512-Hc9SEcZbIMhhLcvhr1DH+lrrec9SFTiRzfJ7EGSBZiiw994gfkVV6vG0sLWqQQ6DD7V4+OggB+Hn0IRUdDUqvA==",
      "optional": true,
      "peer": true
    },
    "esbuild-darwin-64": {
      "version": "0.15.12",
      "resolved": "https://registry.npmjs.org/esbuild-darwin-64/-/esbuild-darwin-64-0.15.12.tgz",
      "integrity": "sha512-qkmqrTVYPFiePt5qFjP8w/S+GIUMbt6k8qmiPraECUWfPptaPJUGkCKrWEfYFRWB7bY23FV95rhvPyh/KARP8Q==",
      "optional": true,
      "peer": true
    },
    "esbuild-darwin-arm64": {
      "version": "0.15.12",
      "resolved": "https://registry.npmjs.org/esbuild-darwin-arm64/-/esbuild-darwin-arm64-0.15.12.tgz",
      "integrity": "sha512-z4zPX02tQ41kcXMyN3c/GfZpIjKoI/BzHrdKUwhC/Ki5BAhWv59A9M8H+iqaRbwpzYrYidTybBwiZAIWCLJAkw==",
      "optional": true,
      "peer": true
    },
    "esbuild-freebsd-64": {
      "version": "0.15.12",
      "resolved": "https://registry.npmjs.org/esbuild-freebsd-64/-/esbuild-freebsd-64-0.15.12.tgz",
      "integrity": "sha512-XFL7gKMCKXLDiAiBjhLG0XECliXaRLTZh6hsyzqUqPUf/PY4C6EJDTKIeqqPKXaVJ8+fzNek88285krSz1QECw==",
      "optional": true,
      "peer": true
    },
    "esbuild-freebsd-arm64": {
      "version": "0.15.12",
      "resolved": "https://registry.npmjs.org/esbuild-freebsd-arm64/-/esbuild-freebsd-arm64-0.15.12.tgz",
      "integrity": "sha512-jwEIu5UCUk6TjiG1X+KQnCGISI+ILnXzIzt9yDVrhjug2fkYzlLbl0K43q96Q3KB66v6N1UFF0r5Ks4Xo7i72g==",
      "optional": true,
      "peer": true
    },
    "esbuild-linux-32": {
      "version": "0.15.12",
      "resolved": "https://registry.npmjs.org/esbuild-linux-32/-/esbuild-linux-32-0.15.12.tgz",
      "integrity": "sha512-uSQuSEyF1kVzGzuIr4XM+v7TPKxHjBnLcwv2yPyCz8riV8VUCnO/C4BF3w5dHiVpCd5Z1cebBtZJNlC4anWpwA==",
      "optional": true,
      "peer": true
    },
    "esbuild-linux-64": {
      "version": "0.15.12",
      "resolved": "https://registry.npmjs.org/esbuild-linux-64/-/esbuild-linux-64-0.15.12.tgz",
      "integrity": "sha512-QcgCKb7zfJxqT9o5z9ZUeGH1k8N6iX1Y7VNsEi5F9+HzN1OIx7ESxtQXDN9jbeUSPiRH1n9cw6gFT3H4qbdvcA==",
      "optional": true,
      "peer": true
    },
    "esbuild-linux-arm": {
      "version": "0.15.12",
      "resolved": "https://registry.npmjs.org/esbuild-linux-arm/-/esbuild-linux-arm-0.15.12.tgz",
      "integrity": "sha512-Wf7T0aNylGcLu7hBnzMvsTfEXdEdJY/hY3u36Vla21aY66xR0MS5I1Hw8nVquXjTN0A6fk/vnr32tkC/C2lb0A==",
      "optional": true,
      "peer": true
    },
    "esbuild-linux-arm64": {
      "version": "0.15.12",
      "resolved": "https://registry.npmjs.org/esbuild-linux-arm64/-/esbuild-linux-arm64-0.15.12.tgz",
      "integrity": "sha512-HtNq5xm8fUpZKwWKS2/YGwSfTF+339L4aIA8yphNKYJckd5hVdhfdl6GM2P3HwLSCORS++++7++//ApEwXEuAQ==",
      "optional": true,
      "peer": true
    },
    "esbuild-linux-mips64le": {
      "version": "0.15.12",
      "resolved": "https://registry.npmjs.org/esbuild-linux-mips64le/-/esbuild-linux-mips64le-0.15.12.tgz",
      "integrity": "sha512-Qol3+AvivngUZkTVFgLpb0H6DT+N5/zM3V1YgTkryPYFeUvuT5JFNDR3ZiS6LxhyF8EE+fiNtzwlPqMDqVcc6A==",
      "optional": true,
      "peer": true
    },
    "esbuild-linux-ppc64le": {
      "version": "0.15.12",
      "resolved": "https://registry.npmjs.org/esbuild-linux-ppc64le/-/esbuild-linux-ppc64le-0.15.12.tgz",
      "integrity": "sha512-4D8qUCo+CFKaR0cGXtGyVsOI7w7k93Qxb3KFXWr75An0DHamYzq8lt7TNZKoOq/Gh8c40/aKaxvcZnTgQ0TJNg==",
      "optional": true,
      "peer": true
    },
    "esbuild-linux-riscv64": {
      "version": "0.15.12",
      "resolved": "https://registry.npmjs.org/esbuild-linux-riscv64/-/esbuild-linux-riscv64-0.15.12.tgz",
      "integrity": "sha512-G9w6NcuuCI6TUUxe6ka0enjZHDnSVK8bO+1qDhMOCtl7Tr78CcZilJj8SGLN00zO5iIlwNRZKHjdMpfFgNn1VA==",
      "optional": true,
      "peer": true
    },
    "esbuild-linux-s390x": {
      "version": "0.15.12",
      "resolved": "https://registry.npmjs.org/esbuild-linux-s390x/-/esbuild-linux-s390x-0.15.12.tgz",
      "integrity": "sha512-Lt6BDnuXbXeqSlVuuUM5z18GkJAZf3ERskGZbAWjrQoi9xbEIsj/hEzVnSAFLtkfLuy2DE4RwTcX02tZFunXww==",
      "optional": true,
      "peer": true
    },
    "esbuild-netbsd-64": {
      "version": "0.15.12",
      "resolved": "https://registry.npmjs.org/esbuild-netbsd-64/-/esbuild-netbsd-64-0.15.12.tgz",
      "integrity": "sha512-jlUxCiHO1dsqoURZDQts+HK100o0hXfi4t54MNRMCAqKGAV33JCVvMplLAa2FwviSojT/5ZG5HUfG3gstwAG8w==",
      "optional": true,
      "peer": true
    },
    "esbuild-openbsd-64": {
      "version": "0.15.12",
      "resolved": "https://registry.npmjs.org/esbuild-openbsd-64/-/esbuild-openbsd-64-0.15.12.tgz",
      "integrity": "sha512-1o1uAfRTMIWNOmpf8v7iudND0L6zRBYSH45sofCZywrcf7NcZA+c7aFsS1YryU+yN7aRppTqdUK1PgbZVaB1Dw==",
      "optional": true,
      "peer": true
    },
    "esbuild-sunos-64": {
      "version": "0.15.12",
      "resolved": "https://registry.npmjs.org/esbuild-sunos-64/-/esbuild-sunos-64-0.15.12.tgz",
      "integrity": "sha512-nkl251DpoWoBO9Eq9aFdoIt2yYmp4I3kvQjba3jFKlMXuqQ9A4q+JaqdkCouG3DHgAGnzshzaGu6xofGcXyPXg==",
      "optional": true,
      "peer": true
    },
    "esbuild-windows-32": {
      "version": "0.15.12",
      "resolved": "https://registry.npmjs.org/esbuild-windows-32/-/esbuild-windows-32-0.15.12.tgz",
      "integrity": "sha512-WlGeBZHgPC00O08luIp5B2SP4cNCp/PcS+3Pcg31kdcJPopHxLkdCXtadLU9J82LCfw4TVls21A6lilQ9mzHrw==",
      "optional": true,
      "peer": true
    },
    "esbuild-windows-64": {
      "version": "0.15.12",
      "resolved": "https://registry.npmjs.org/esbuild-windows-64/-/esbuild-windows-64-0.15.12.tgz",
      "integrity": "sha512-VActO3WnWZSN//xjSfbiGOSyC+wkZtI8I4KlgrTo5oHJM6z3MZZBCuFaZHd8hzf/W9KPhF0lY8OqlmWC9HO5AA==",
      "optional": true,
      "peer": true
    },
    "esbuild-windows-arm64": {
      "version": "0.15.12",
      "resolved": "https://registry.npmjs.org/esbuild-windows-arm64/-/esbuild-windows-arm64-0.15.12.tgz",
      "integrity": "sha512-Of3MIacva1OK/m4zCNIvBfz8VVROBmQT+gRX6pFTLPngFYcj6TFH/12VveAqq1k9VB2l28EoVMNMUCcmsfwyuA==",
      "optional": true,
      "peer": true
    },
    "rome": {
      "version": "10.0.1",
      "resolved": "https://registry.npmjs.org/rome/-/rome-10.0.1.tgz",
      "integrity": "sha512-RfaDa+cSustBsjX6bj3fWqEhoNxXrK1uNgKHpkCHAqp20QMJXnCRtbokhirNMe0utyGI9GTO/sDoK7hJP7O8Bw==",
      "dev": true,
      "requires": {
        "@rometools/cli-darwin-arm64": "10.0.1",
        "@rometools/cli-darwin-x64": "10.0.1",
        "@rometools/cli-linux-arm64": "10.0.1",
        "@rometools/cli-linux-x64": "10.0.1",
        "@rometools/cli-win32-arm64": "10.0.1",
        "@rometools/cli-win32-x64": "10.0.1"
      }
    }
  }
}
